
Microsoft Visual Studio Solution File, Format Version 12.00
# Visual Studio Version 17
VisualStudioVersion = 17.14.36915.13
MinimumVisualStudioVersion = 10.0.40219.1
Project("{FAE04EC0-301F-11D3-BF4B-00C04F79EFBC}") = "EJEMPLO 1 SUMA DE DOS NUMEROS INGRESADOS", "EJEMPLO 1 SUMA DE DOS NUMEROS INGRESADOS\EJEMPLO 1 SUMA DE DOS NUMEROS INGRESADOS.csproj", "{8E7157F8-A6A5-4CA2-A557-BF9FE2619453}"
EndProject
Global
	GlobalSection(SolutionConfigurationPlatforms) = preSolution
		Debug|Any CPU = Debug|Any CPU
		Release|Any CPU = Release|Any CPU
	EndGlobalSection
	GlobalSection(ProjectConfigurationPlatforms) = postSolution
		{8E7157F8-A6A5-4CA2-A557-BF9FE2619453}.Debug|Any CPU.ActiveCfg = Debug|Any CPU
		{8E7157F8-A6A5-4CA2-A557-BF9FE2619453}.Debug|Any CPU.Build.0 = Debug|Any CPU
		{8E7157F8-A6A5-4CA2-A557-BF9FE2619453}.Release|Any CPU.ActiveCfg = Release|Any CPU
		{8E7157F8-A6A5-4CA2-A557-BF9FE2619453}.Release|Any CPU.Build.0 = Release|Any CPU
	EndGlobalSection
	GlobalSection(SolutionProperties) = preSolution
		HideSolutionNode = FALSE
	EndGlobalSection
	GlobalSection(ExtensibilityGlobals) = postSolution
		SolutionGuid = {045FE39C-3BE5-4C2D-AA11-E9E26DF67781}
	EndGlobalSection
EndGlobal
